
Microsoft Visual Studio Solution File, Format Version 12.00
# Visual Studio 14
VisualStudioVersion = 14.0.25420.1
MinimumVisualStudioVersion = 10.0.40219.1
Project("{FAE04EC0-301F-11D3-BF4B-00C04F79EFBC}") = "Blog", "Blog\Blog.csproj", "{05C97DAA-9AE6-490B-8650-97A0557558CC}"
EndProject
Global
	GlobalSection(SolutionConfigurationPlatforms) = preSolution
		Debug|Any CPU = Debug|Any CPU
		Release|Any CPU = Release|Any CPU
	EndGlobalSection
	GlobalSection(ProjectConfigurationPlatforms) = postSolution
		{05C97DAA-9AE6-490B-8650-97A0557558CC}.Debug|Any CPU.ActiveCfg = Debug|Any CPU
		{05C97DAA-9AE6-490B-8650-97A0557558CC}.Debug|Any CPU.Build.0 = Debug|Any CPU
		{05C97DAA-9AE6-490B-8650-97A0557558CC}.Release|Any CPU.ActiveCfg = Release|Any CPU
		{05C97DAA-9AE6-490B-8650-97A0557558CC}.Release|Any CPU.Build.0 = Release|Any CPU
	EndGlobalSection
	GlobalSection(SolutionProperties) = preSolution
		HideSolutionNode = FALSE
	EndGlobalSection
EndGlobal
