
Microsoft Visual Studio Solution File, Format Version 12.00
# Visual Studio 14
VisualStudioVersion = 14.0.25420.1
MinimumVisualStudioVersion = 10.0.40219.1
Project("{FAE04EC0-301F-11D3-BF4B-00C04F79EFBC}") = "02 TODO List", "02 TODO List\02 TODO List.csproj", "{739246D0-0FDB-43E3-987C-0FAAC3CEE8BC}"
EndProject
Global
	GlobalSection(SolutionConfigurationPlatforms) = preSolution
		Debug|Any CPU = Debug|Any CPU
		Release|Any CPU = Release|Any CPU
	EndGlobalSection
	GlobalSection(ProjectConfigurationPlatforms) = postSolution
		{739246D0-0FDB-43E3-987C-0FAAC3CEE8BC}.Debug|Any CPU.ActiveCfg = Debug|Any CPU
		{739246D0-0FDB-43E3-987C-0FAAC3CEE8BC}.Debug|Any CPU.Build.0 = Debug|Any CPU
		{739246D0-0FDB-43E3-987C-0FAAC3CEE8BC}.Release|Any CPU.ActiveCfg = Release|Any CPU
		{739246D0-0FDB-43E3-987C-0FAAC3CEE8BC}.Release|Any CPU.Build.0 = Release|Any CPU
	EndGlobalSection
	GlobalSection(SolutionProperties) = preSolution
		HideSolutionNode = FALSE
	EndGlobalSection
EndGlobal
